Microsoft Visual Studio Solution File, Format Version 12.00
# Visual Studio Version 17
VisualStudioVersion = 17.5.2.0
MinimumVisualStudioVersion = 10.0.40219.1
Project("{FAE04EC0-301F-11D3-BF4B-00C04F79EFBC}") = "StocksApi", "src\StocksApi.csproj", "{0D086DF9-0AF5-0D1A-6426-A8CEB7F693EC}"
EndProject
Global
	GlobalSection(SolutionConfigurationPlatforms) = preSolution
		Debug|Any CPU = Debug|Any CPU
		Release|Any CPU = Release|Any CPU
	EndGlobalSection
	GlobalSection(ProjectConfigurationPlatforms) = postSolution
		{0D086DF9-0AF5-0D1A-6426-A8CEB7F693EC}.Debug|Any CPU.ActiveCfg = Debug|Any CPU
		{0D086DF9-0AF5-0D1A-6426-A8CEB7F693EC}.Debug|Any CPU.Build.0 = Debug|Any CPU
		{0D086DF9-0AF5-0D1A-6426-A8CEB7F693EC}.Release|Any CPU.ActiveCfg = Release|Any CPU
		{0D086DF9-0AF5-0D1A-6426-A8CEB7F693EC}.Release|Any CPU.Build.0 = Release|Any CPU
	EndGlobalSection
	GlobalSection(SolutionProperties) = preSolution
		HideSolutionNode = FALSE
	EndGlobalSection
	GlobalSection(ExtensibilityGlobals) = postSolution
		SolutionGuid = {F8ECCB96-1D03-4C3A-9C51-BAE9073FC2B3}
	EndGlobalSection
EndGlobal
